
Microsoft Visual Studio Solution File, Format Version 12.00
# Visual Studio 15
VisualStudioVersion = 15.0.28010.2050
MinimumVisualStudioVersion = 10.0.40219.1
Project("{FAE04EC0-301F-11D3-BF4B-00C04F79EFBC}") = "redesigned-computing-machine.Android", "redesigned-computing-machine\redesigned-computing-machine.Android\redesigned-computing-machine.Android.csproj", "{24CE3C36-16B9-426D-AA0C-5961ECF8D88C}"
EndProject
Project("{FAE04EC0-301F-11D3-BF4B-00C04F79EFBC}") = "redesigned-computing-machine.iOS", "redesigned-computing-machine\redesigned-computing-machine.iOS\redesigned-computing-machine.iOS.csproj", "{138C3998-EB1F-4391-A47D-FBA32F8DE312}"
EndProject
Project("{FAE04EC0-301F-11D3-BF4B-00C04F79EFBC}") = "redesigned-computing-machine", "redesigned-computing-machine\redesigned-computing-machine\redesigned-computing-machine.csproj", "{37B38EC5-35EF-4BF9-82F2-3E3FD4F9E3ED}"
EndProject
Global
	GlobalSection(SolutionConfigurationPlatforms) = preSolution
		Debug|Any CPU = Debug|Any CPU
		Debug|iPhone = Debug|iPhone
		Debug|iPhoneSimulator = Debug|iPhoneSimulator
		Release|Any CPU = Release|Any CPU
		Release|iPhone = Release|iPhone
		Release|iPhoneSimulator = Release|iPhoneSimulator
	EndGlobalSection
	GlobalSection(ProjectConfigurationPlatforms) = postSolution
		{24CE3C36-16B9-426D-AA0C-5961ECF8D88C}.Debug|Any CPU.ActiveCfg = Debug|Any CPU
		{24CE3C36-16B9-426D-AA0C-5961ECF8D88C}.Debug|Any CPU.Build.0 = Debug|Any CPU
		{24CE3C36-16B9-426D-AA0C-5961ECF8D88C}.Debug|Any CPU.Deploy.0 = Debug|Any CPU
		{24CE3C36-16B9-426D-AA0C-5961ECF8D88C}.Debug|iPhone.ActiveCfg = Debug|Any CPU
		{24CE3C36-16B9-426D-AA0C-5961ECF8D88C}.Debug|iPhone.Build.0 = Debug|Any CPU
		{24CE3C36-16B9-426D-AA0C-5961ECF8D88C}.Debug|iPhone.Deploy.0 = Debug|Any CPU
		{24CE3C36-16B9-426D-AA0C-5961ECF8D88C}.Debug|iPhoneSimulator.ActiveCfg = Debug|Any CPU
		{24CE3C36-16B9-426D-AA0C-5961ECF8D88C}.Debug|iPhoneSimulator.Build.0 = Debug|Any CPU
		{24CE3C36-16B9-426D-AA0C-5961ECF8D88C}.Debug|iPhoneSimulator.Deploy.0 = Debug|Any CPU
		{24CE3C36-16B9-426D-AA0C-5961ECF8D88C}.Release|Any CPU.ActiveCfg = Release|Any CPU
		{24CE3C36-16B9-426D-AA0C-5961ECF8D88C}.Release|Any CPU.Build.0 = Release|Any CPU
		{24CE3C36-16B9-426D-AA0C-5961ECF8D88C}.Release|Any CPU.Deploy.0 = Release|Any CPU
		{24CE3C36-16B9-426D-AA0C-5961ECF8D88C}.Release|iPhone.ActiveCfg = Release|Any CPU
		{24CE3C36-16B9-426D-AA0C-5961ECF8D88C}.Release|iPhone.Build.0 = Release|Any CPU
		{24CE3C36-16B9-426D-AA0C-5961ECF8D88C}.Release|iPhone.Deploy.0 = Release|Any CPU
		{24CE3C36-16B9-426D-AA0C-5961ECF8D88C}.Release|iPhoneSimulator.ActiveCfg = Release|Any CPU
		{24CE3C36-16B9-426D-AA0C-5961ECF8D88C}.Release|iPhoneSimulator.Build.0 = Release|Any CPU
		{24CE3C36-16B9-426D-AA0C-5961ECF8D88C}.Release|iPhoneSimulator.Deploy.0 = Release|Any CPU
		{138C3998-EB1F-4391-A47D-FBA32F8DE312}.Debug|Any CPU.ActiveCfg = Debug|iPhoneSimulator
		{138C3998-EB1F-4391-A47D-FBA32F8DE312}.Debug|Any CPU.Build.0 = Debug|iPhoneSimulator
		{138C3998-EB1F-4391-A47D-FBA32F8DE312}.Debug|Any CPU.Deploy.0 = Debug|iPhoneSimulator
		{138C3998-EB1F-4391-A47D-FBA32F8DE312}.Debug|iPhone.ActiveCfg = Debug|iPhone
		{138C3998-EB1F-4391-A47D-FBA32F8DE312}.Debug|iPhone.Build.0 = Debug|iPhone
		{138C3998-EB1F-4391-A47D-FBA32F8DE312}.Debug|iPhone.Deploy.0 = Debug|iPhone
		{138C3998-EB1F-4391-A47D-FBA32F8DE312}.Debug|iPhoneSimulator.ActiveCfg = Debug|iPhoneSimulator
		{138C3998-EB1F-4391-A47D-FBA32F8DE312}.Debug|iPhoneSimulator.Build.0 = Debug|iPhoneSimulator
		{138C3998-EB1F-4391-A47D-FBA32F8DE312}.Debug|iPhoneSimulator.Deploy.0 = Debug|iPhoneSimulator
		{138C3998-EB1F-4391-A47D-FBA32F8DE312}.Release|Any CPU.ActiveCfg = Release|iPhone
		{138C3998-EB1F-4391-A47D-FBA32F8DE312}.Release|Any CPU.Build.0 = Release|iPhone
		{138C3998-EB1F-4391-A47D-FBA32F8DE312}.Release|Any CPU.Deploy.0 = Release|iPhone
		{138C3998-EB1F-4391-A47D-FBA32F8DE312}.Release|iPhone.ActiveCfg = Release|iPhone
		{138C3998-EB1F-4391-A47D-FBA32F8DE312}.Release|iPhone.Build.0 = Release|iPhone
		{138C3998-EB1F-4391-A47D-FBA32F8DE312}.Release|iPhone.Deploy.0 = Release|iPhone
		{138C3998-EB1F-4391-A47D-FBA32F8DE312}.Release|iPhoneSimulator.ActiveCfg = Release|iPhoneSimulator
		{138C3998-EB1F-4391-A47D-FBA32F8DE312}.Release|iPhoneSimulator.Build.0 = Release|iPhoneSimulator
		{138C3998-EB1F-4391-A47D-FBA32F8DE312}.Release|iPhoneSimulator.Deploy.0 = Release|iPhoneSimulator
		{37B38EC5-35EF-4BF9-82F2-3E3FD4F9E3ED}.Debug|Any CPU.ActiveCfg = Debug|Any CPU
		{37B38EC5-35EF-4BF9-82F2-3E3FD4F9E3ED}.Debug|Any CPU.Build.0 = Debug|Any CPU
		{37B38EC5-35EF-4BF9-82F2-3E3FD4F9E3ED}.Debug|Any CPU.Deploy.0 = Debug|Any CPU
		{37B38EC5-35EF-4BF9-82F2-3E3FD4F9E3ED}.Debug|iPhone.ActiveCfg = Debug|Any CPU
		{37B38EC5-35EF-4BF9-82F2-3E3FD4F9E3ED}.Debug|iPhone.Build.0 = Debug|Any CPU
		{37B38EC5-35EF-4BF9-82F2-3E3FD4F9E3ED}.Debug|iPhone.Deploy.0 = Debug|Any CPU
		{37B38EC5-35EF-4BF9-82F2-3E3FD4F9E3ED}.Debug|iPhoneSimulator.ActiveCfg = Debug|Any CPU
		{37B38EC5-35EF-4BF9-82F2-3E3FD4F9E3ED}.Debug|iPhoneSimulator.Build.0 = Debug|Any CPU
		{37B38EC5-35EF-4BF9-82F2-3E3FD4F9E3ED}.Debug|iPhoneSimulator.Deploy.0 = Debug|Any CPU
		{37B38EC5-35EF-4BF9-82F2-3E3FD4F9E3ED}.Release|Any CPU.ActiveCfg = Release|Any CPU
		{37B38EC5-35EF-4BF9-82F2-3E3FD4F9E3ED}.Release|Any CPU.Build.0 = Release|Any CPU
		{37B38EC5-35EF-4BF9-82F2-3E3FD4F9E3ED}.Release|Any CPU.Deploy.0 = Release|Any CPU
		{37B38EC5-35EF-4BF9-82F2-3E3FD4F9E3ED}.Release|iPhone.ActiveCfg = Release|Any CPU
		{37B38EC5-35EF-4BF9-82F2-3E3FD4F9E3ED}.Release|iPhone.Build.0 = Release|Any CPU
		{37B38EC5-35EF-4BF9-82F2-3E3FD4F9E3ED}.Release|iPhone.Deploy.0 = Release|Any CPU
		{37B38EC5-35EF-4BF9-82F2-3E3FD4F9E3ED}.Release|iPhoneSimulator.ActiveCfg = Release|Any CPU
		{37B38EC5-35EF-4BF9-82F2-3E3FD4F9E3ED}.Release|iPhoneSimulator.Build.0 = Release|Any CPU
		{37B38EC5-35EF-4BF9-82F2-3E3FD4F9E3ED}.Release|iPhoneSimulator.Deploy.0 = Release|Any CPU
	EndGlobalSection
	GlobalSection(SolutionProperties) = preSolution
		HideSolutionNode = FALSE
	EndGlobalSection
	GlobalSection(ExtensibilityGlobals) = postSolution
		SolutionGuid = {FC77D803-9852-4D38-B07A-8F8CBBEF8193}
	EndGlobalSection
EndGlobal
